// !$*UTF8*$!
{
	archiveVersion = 1;
	classes = {
	};
	objectVersion = 46;
	objects = {

/* Begin PBXBuildFile section */
		1B5229D81D2FEE330037A37E /* AppDelegate.swift in Sources */ = {isa = PBXBuildFile; fileRef = 1B5229D71D2FEE330037A37E /* AppDelegate.swift */; };
		1B5229DA1D2FEE330037A37E /* ViewController.swift in Sources */ = {isa = PBXBuildFile; fileRef = 1B5229D91D2FEE330037A37E /* ViewController.swift */; };
		1B5229DD1D2FEE330037A37E /* Main.storyboard in Resources */ = {isa = PBXBuildFile; fileRef = 1B5229DB1D2FEE330037A37E /* Main.storyboard */; };
		1B5229DF1D2FEE330037A37E /* Assets.xcassets in Resources */ = {isa = PBXBuildFile; fileRef = 1B5229DE1D2FEE330037A37E /* Assets.xcassets */; };
		1B5229E21D2FEE330037A37E /* LaunchScreen.storyboard in Resources */ = {isa = PBXBuildFile; fileRef = 1B5229E01D2FEE330037A37E /* LaunchScreen.storyboard */; };
		1B522A161D3004120037A37E /* Tests.swift in Sources */ = {isa = PBXBuildFile; fileRef = 1B522A151D3004120037A37E /* Tests.swift */; };
		1B522A581D33DDC80037A37E /* Structs.swift in Sources */ = {isa = PBXBuildFile; fileRef = 1B522A571D33DDC80037A37E /* Structs.swift */; };
/* End PBXBuildFile section */

/* Begin PBXContainerItemProxy section */
		1B5229E91D2FEE330037A37E /* PBXContainerItemProxy */ = {
			isa = PBXContainerItemProxy;
			containerPortal = 1B5229CC1D2FEE330037A37E /* Project object */;
			proxyType = 1;
			remoteGlobalIDString = 1B5229D31D2FEE330037A37E;
			remoteInfo = "Swift-Structs-Lab";
		};
/* End PBXContainerItemProxy section */

/* Begin PBXFileReference section */
		045F638E809C564F73136132 /* Pods-Swift-Structs-Lab.debug.xcconfig */ = {isa = PBXFileReference; includeInIndex = 1; lastKnownFileType = text.xcconfig; name = "Pods-Swift-Structs-Lab.debug.xcconfig"; path = "Pods/Target Support Files/Pods-Swift-Structs-Lab/Pods-Swift-Structs-Lab.debug.xcconfig"; sourceTree = "<group>"; };
		0E6E65BE4D1E0B0BBB2F9598 /* Pods-Swift-Structs-LabTests.debug.xcconfig */ = {isa = PBXFileReference; includeInIndex = 1; lastKnownFileType = text.xcconfig; name = "Pods-Swift-Structs-LabTests.debug.xcconfig"; path = "Pods/Target Support Files/Pods-Swift-Structs-LabTests/Pods-Swift-Structs-LabTests.debug.xcconfig"; sourceTree = "<group>"; };
		1B5229D41D2FEE330037A37E /* Swift-Structs-Lab.app */ = {isa = PBXFileReference; explicitFileType = wrapper.application; includeInIndex = 0; path = "Swift-Structs-Lab.app"; sourceTree = BUILT_PRODUCTS_DIR; };
		1B5229D71D2FEE330037A37E /* AppDelegate.swift */ = {isa = PBXFileReference; lastKnownFileType = sourcecode.swift; path = AppDelegate.swift; sourceTree = "<group>"; };
		1B5229D91D2FEE330037A37E /* ViewController.swift */ = {isa = PBXFileReference; lastKnownFileType = sourcecode.swift; path = ViewController.swift; sourceTree = "<group>"; };
		1B5229DC1D2FEE330037A37E /* Base */ = {isa = PBXFileReference; lastKnownFileType = file.storyboard; name = Base; path = Base.lproj/Main.storyboard; sourceTree = "<group>"; };
		1B5229DE1D2FEE330037A37E /* Assets.xcassets */ = {isa = PBXFileReference; lastKnownFileType = folder.assetcatalog; path = Assets.xcassets; sourceTree = "<group>"; };
		1B5229E11D2FEE330037A37E /* Base */ = {isa = PBXFileReference; lastKnownFileType = file.storyboard; name = Base; path = Base.lproj/LaunchScreen.storyboard; sourceTree = "<group>"; };
		1B5229E31D2FEE330037A37E /* Info.plist */ = {isa = PBXFileReference; lastKnownFileType = text.plist.xml; path = Info.plist; sourceTree = "<group>"; };
		1B5229E81D2FEE330037A37E /* Swift-Structs-LabTests.xctest */ = {isa = PBXFileReference; explicitFileType = wrapper.cfbundle; includeInIndex = 0; path = "Swift-Structs-LabTests.xctest"; sourceTree = BUILT_PRODUCTS_DIR; };
		1B5229EE1D2FEE330037A37E /* Info.plist */ = {isa = PBXFileReference; lastKnownFileType = text.plist.xml; path = Info.plist; sourceTree = "<group>"; };
		1B522A151D3004120037A37E /* Tests.swift */ = {isa = PBXFileReference; fileEncoding = 4; lastKnownFileType = sourcecode.swift; path = Tests.swift; sourceTree = "<group>"; };
		1B522A571D33DDC80037A37E /* Structs.swift */ = {isa = PBXFileReference; fileEncoding = 4; lastKnownFileType = sourcecode.swift; path = Structs.swift; sourceTree = "<group>"; };
		94957C221E13199523B745E3 /* Pods-Swift-Structs-LabTests.release.xcconfig */ = {isa = PBXFileReference; includeInIndex = 1; lastKnownFileType = text.xcconfig; name = "Pods-Swift-Structs-LabTests.release.xcconfig"; path = "Pods/Target Support Files/Pods-Swift-Structs-LabTests/Pods-Swift-Structs-LabTests.release.xcconfig"; sourceTree = "<group>"; };
		D202375B72C9205D9D34B6CC /* Pods-Swift-Structs-Lab.release.xcconfig */ = {isa = PBXFileReference; includeInIndex = 1; lastKnownFileType = text.xcconfig; name = "Pods-Swift-Structs-Lab.release.xcconfig"; path = "Pods/Target Support Files/Pods-Swift-Structs-Lab/Pods-Swift-Structs-Lab.release.xcconfig"; sourceTree = "<group>"; };
		DCFC79D5CFCB7C3EB47ADF1C /* Pods-Swift-Structs-LabUITests.release.xcconfig */ = {isa = PBXFileReference; includeInIndex = 1; lastKnownFileType = text.xcconfig; name = "Pods-Swift-Structs-LabUITests.release.xcconfig"; path = "Pods/Target Support Files/Pods-Swift-Structs-LabUITests/Pods-Swift-Structs-LabUITests.release.xcconfig"; sourceTree = "<group>"; };
		DF3314B4F8C4C3DED161B3E2 /* Pods-Swift-Structs-LabUITests.debug.xcconfig */ = {isa = PBXFileReference; includeInIndex = 1; lastKnownFileType = text.xcconfig; name = "Pods-Swift-Structs-LabUITests.debug.xcconfig"; path = "Pods/Target Support Files/Pods-Swift-Structs-LabUITests/Pods-Swift-Structs-LabUITests.debug.xcconfig"; sourceTree = "<group>"; };
/* End PBXFileReference section */

/* Begin PBXFrameworksBuildPhase section */
		1B5229D11D2FEE330037A37E /* Frameworks */ = {
			isa = PBXFrameworksBuildPhase;
			buildActionMask = 2147483647;
			files = (
			);
			runOnlyForDeploymentPostprocessing = 0;
		};
		1B5229E51D2FEE330037A37E /* Frameworks */ = {
			isa = PBXFrameworksBuildPhase;
			buildActionMask = 2147483647;
			files = (
			);
			runOnlyForDeploymentPostprocessing = 0;
		};
/* End PBXFrameworksBuildPhase section */

/* Begin PBXGroup section */
		1B5229CB1D2FEE330037A37E = {
			isa = PBXGroup;
			children = (
				1B5229D61D2FEE330037A37E /* Swift-Structs-Lab */,
				1B5229EB1D2FEE330037A37E /* Swift-Structs-LabTests */,
				1B5229D51D2FEE330037A37E /* Products */,
				5CF9DED53932A2961D55443B /* Pods */,
				5754C855361140091EBD30BC /* Frameworks */,
			);
			sourceTree = "<group>";
		};
		1B5229D51D2FEE330037A37E /* Products */ = {
			isa = PBXGroup;
			children = (
				1B5229D41D2FEE330037A37E /* Swift-Structs-Lab.app */,
				1B5229E81D2FEE330037A37E /* Swift-Structs-LabTests.xctest */,
			);
			name = Products;
			sourceTree = "<group>";
		};
		1B5229D61D2FEE330037A37E /* Swift-Structs-Lab */ = {
			isa = PBXGroup;
			children = (
				1B5229D71D2FEE330037A37E /* AppDelegate.swift */,
				1B5229D91D2FEE330037A37E /* ViewController.swift */,
				1B522A571D33DDC80037A37E /* Structs.swift */,
				1B5229DB1D2FEE330037A37E /* Main.storyboard */,
				1B5229DE1D2FEE330037A37E /* Assets.xcassets */,
				1B5229E01D2FEE330037A37E /* LaunchScreen.storyboard */,
				1B5229E31D2FEE330037A37E /* Info.plist */,
			);
			path = "Swift-Structs-Lab";
			sourceTree = "<group>";
		};
		1B5229EB1D2FEE330037A37E /* Swift-Structs-LabTests */ = {
			isa = PBXGroup;
			children = (
				1B522A151D3004120037A37E /* Tests.swift */,
				1B5229EE1D2FEE330037A37E /* Info.plist */,
			);
			path = "Swift-Structs-LabTests";
			sourceTree = "<group>";
		};
		5754C855361140091EBD30BC /* Frameworks */ = {
			isa = PBXGroup;
			children = (
			);
			name = Frameworks;
			sourceTree = "<group>";
		};
		5CF9DED53932A2961D55443B /* Pods */ = {
			isa = PBXGroup;
			children = (
				045F638E809C564F73136132 /* Pods-Swift-Structs-Lab.debug.xcconfig */,
				D202375B72C9205D9D34B6CC /* Pods-Swift-Structs-Lab.release.xcconfig */,
				0E6E65BE4D1E0B0BBB2F9598 /* Pods-Swift-Structs-LabTests.debug.xcconfig */,
				94957C221E13199523B745E3 /* Pods-Swift-Structs-LabTests.release.xcconfig */,
				DF3314B4F8C4C3DED161B3E2 /* Pods-Swift-Structs-LabUITests.debug.xcconfig */,
				DCFC79D5CFCB7C3EB47ADF1C /* Pods-Swift-Structs-LabUITests.release.xcconfig */,
			);
			name = Pods;
			sourceTree = "<group>";
		};
/* End PBXGroup section */

/* Begin PBXNativeTarget section */
		1B5229D31D2FEE330037A37E /* Swift-Structs-Lab */ = {
			isa = PBXNativeTarget;
			buildConfigurationList = 1B5229FC1D2FEE340037A37E /* Build configuration list for PBXNativeTarget "Swift-Structs-Lab" */;
			buildPhases = (
				21544CA6F78DE7C86B1B869D /* 📦 Check Pods Manifest.lock */,
				1B5229D01D2FEE330037A37E /* Sources */,
				1B5229D11D2FEE330037A37E /* Frameworks */,
				1B5229D21D2FEE330037A37E /* Resources */,
				0ECD7E55FA5BD5ECB458ADFB /* 📦 Embed Pods Frameworks */,
				11928F80F969401B739716D6 /* 📦 Copy Pods Resources */,
			);
			buildRules = (
			);
			dependencies = (
			);
			name = "Swift-Structs-Lab";
			productName = "Swift-Structs-Lab";
			productReference = 1B5229D41D2FEE330037A37E /* Swift-Structs-Lab.app */;
			productType = "com.apple.product-type.application";
		};
		1B5229E71D2FEE330037A37E /* Swift-Structs-LabTests */ = {
			isa = PBXNativeTarget;
			buildConfigurationList = 1B5229FF1D2FEE340037A37E /* Build configuration list for PBXNativeTarget "Swift-Structs-LabTests" */;
			buildPhases = (
				A8E0109027050A7EB6BD5FCA /* 📦 Check Pods Manifest.lock */,
				1B5229E41D2FEE330037A37E /* Sources */,
				1B5229E51D2FEE330037A37E /* Frameworks */,
				1B5229E61D2FEE330037A37E /* Resources */,
				ECC9C3274372290CDBA18300 /* 📦 Embed Pods Frameworks */,
				9DC7FC38A8FE39CC8D5AB5D2 /* 📦 Copy Pods Resources */,
			);
			buildRules = (
			);
			dependencies = (
				1B5229EA1D2FEE330037A37E /* PBXTargetDependency */,
			);
			name = "Swift-Structs-LabTests";
			productName = "Swift-Structs-LabTests";
			productReference = 1B5229E81D2FEE330037A37E /* Swift-Structs-LabTests.xctest */;
			productType = "com.apple.product-type.bundle.unit-test";
		};
/* End PBXNativeTarget section */

/* Begin PBXProject section */
		1B5229CC1D2FEE330037A37E /* Project object */ = {
			isa = PBXProject;
			attributes = {
				LastSwiftUpdateCheck = 0730;
				LastUpgradeCheck = 0730;
				ORGANIZATIONNAME = "Flatiron School";
				TargetAttributes = {
					1B5229D31D2FEE330037A37E = {
						CreatedOnToolsVersion = 7.3.1;
					};
					1B5229E71D2FEE330037A37E = {
						CreatedOnToolsVersion = 7.3.1;
						TestTargetID = 1B5229D31D2FEE330037A37E;
					};
				};
			};
			buildConfigurationList = 1B5229CF1D2FEE330037A37E /* Build configuration list for PBXProject "Swift-Structs-Lab" */;
			compatibilityVersion = "Xcode 3.2";
			developmentRegion = English;
			hasScannedForEncodings = 0;
			knownRegions = (
				en,
				Base,
			);
			mainGroup = 1B5229CB1D2FEE330037A37E;
			productRefGroup = 1B5229D51D2FEE330037A37E /* Products */;
			projectDirPath = "";
			projectRoot = "";
			targets = (
				1B5229D31D2FEE330037A37E /* Swift-Structs-Lab */,
				1B5229E71D2FEE330037A37E /* Swift-Structs-LabTests */,
			);
		};
/* End PBXProject section */

/* Begin PBXResourcesBuildPhase section */
		1B5229D21D2FEE330037A37E /* Resources */ = {
			isa = PBXResourcesBuildPhase;
			buildActionMask = 2147483647;
			files = (
				1B5229E21D2FEE330037A37E /* LaunchScreen.storyboard in Resources */,
				1B5229DF1D2FEE330037A37E /* Assets.xcassets in Resources */,
				1B5229DD1D2FEE330037A37E /* Main.storyboard in Resources */,
			);
			runOnlyForDeploymentPostprocessing = 0;
		};
		1B5229E61D2FEE330037A37E /* Resources */ = {
			isa = PBXResourcesBuildPhase;
			buildActionMask = 2147483647;
			files = (
			);
			runOnlyForDeploymentPostprocessing = 0;
		};
/* End PBXResourcesBuildPhase section */

/* Begin PBXShellScriptBuildPhase section */
		0ECD7E55FA5BD5ECB458ADFB /* 📦 Embed Pods Frameworks */ = {
			isa = PBXShellScriptBuildPhase;
			buildActionMask = 2147483647;
			files = (
			);
			inputPaths = (
			);
			name = "📦 Embed Pods Frameworks";
			outputPaths = (
			);
			runOnlyForDeploymentPostprocessing = 0;
			shellPath = /bin/sh;
			shellScript = "\"${SRCROOT}/Pods/Target Support Files/Pods-Swift-Structs-Lab/Pods-Swift-Structs-Lab-frameworks.sh\"\n";
			showEnvVarsInLog = 0;
		};
		11928F80F969401B739716D6 /* 📦 Copy Pods Resources */ = {
			isa = PBXShellScriptBuildPhase;
			buildActionMask = 2147483647;
			files = (
			);
			inputPaths = (
			);
			name = "📦 Copy Pods Resources";
			outputPaths = (
			);
			runOnlyForDeploymentPostprocessing = 0;
			shellPath = /bin/sh;
			shellScript = "\"${SRCROOT}/Pods/Target Support Files/Pods-Swift-Structs-Lab/Pods-Swift-Structs-Lab-resources.sh\"\n";
			showEnvVarsInLog = 0;
		};
		21544CA6F78DE7C86B1B869D /* 📦 Check Pods Manifest.lock */ = {
			isa = PBXShellScriptBuildPhase;
			buildActionMask = 2147483647;
			files = (
			);
			inputPaths = (
			);
			name = "📦 Check Pods Manifest.lock";
			outputPaths = (
			);
			runOnlyForDeploymentPostprocessing = 0;
			shellPath = /bin/sh;
			shellScript = "diff \"${PODS_ROOT}/../Podfile.lock\" \"${PODS_ROOT}/Manifest.lock\" > /dev/null\nif [[ $? != 0 ]] ; then\n    cat << EOM\nerror: The sandbox is not in sync with the Podfile.lock. Run 'pod install' or update your CocoaPods installation.\nEOM\n    exit 1\nfi\n";
			showEnvVarsInLog = 0;
		};
		9DC7FC38A8FE39CC8D5AB5D2 /* 📦 Copy Pods Resources */ = {
			isa = PBXShellScriptBuildPhase;
			buildActionMask = 2147483647;
			files = (
			);
			inputPaths = (
			);
			name = "📦 Copy Pods Resources";
			outputPaths = (
			);
			runOnlyForDeploymentPostprocessing = 0;
			shellPath = /bin/sh;
			shellScript = "\"${SRCROOT}/Pods/Target Support Files/Pods-Swift-Structs-LabTests/Pods-Swift-Structs-LabTests-resources.sh\"\n";
			showEnvVarsInLog = 0;
		};
		A8E0109027050A7EB6BD5FCA /* 📦 Check Pods Manifest.lock */ = {
			isa = PBXShellScriptBuildPhase;
			buildActionMask = 2147483647;
			files = (
			);
			inputPaths = (
			);
			name = "📦 Check Pods Manifest.lock";
			outputPaths = (
			);
			runOnlyForDeploymentPostprocessing = 0;
			shellPath = /bin/sh;
			shellScript = "diff \"${PODS_ROOT}/../Podfile.lock\" \"${PODS_ROOT}/Manifest.lock\" > /dev/null\nif [[ $? != 0 ]] ; then\n    cat << EOM\nerror: The sandbox is not in sync with the Podfile.lock. Run 'pod install' or update your CocoaPods installation.\nEOM\n    exit 1\nfi\n";
			showEnvVarsInLog = 0;
		};
		ECC9C3274372290CDBA18300 /* 📦 Embed Pods Frameworks */ = {
			isa = PBXShellScriptBuildPhase;
			buildActionMask = 2147483647;
			files = (
			);
			inputPaths = (
			);
			name = "📦 Embed Pods Frameworks";
			outputPaths = (
			);
			runOnlyForDeploymentPostprocessing = 0;
			shellPath = /bin/sh;
			shellScript = "\"${SRCROOT}/Pods/Target Support Files/Pods-Swift-Structs-LabTests/Pods-Swift-Structs-LabTests-frameworks.sh\"\n";
			showEnvVarsInLog = 0;
		};
/* End PBXShellScriptBuildPhase section */

/* Begin PBXSourcesBuildPhase section */
		1B5229D01D2FEE330037A37E /* Sources */ = {
			isa = PBXSourcesBuildPhase;
			buildActionMask = 2147483647;
			files = (
				1B522A581D33DDC80037A37E /* Structs.swift in Sources */,
				1B5229DA1D2FEE330037A37E /* ViewController.swift in Sources */,
				1B5229D81D2FEE330037A37E /* AppDelegate.swift in Sources */,
			);
			runOnlyForDeploymentPostprocessing = 0;
		};
		1B5229E41D2FEE330037A37E /* Sources */ = {
			isa = PBXSourcesBuildPhase;
			buildActionMask = 2147483647;
			files = (
				1B522A161D3004120037A37E /* Tests.swift in Sources */,
			);
			runOnlyForDeploymentPostprocessing = 0;
		};
/* End PBXSourcesBuildPhase section */

/* Begin PBXTargetDependency section */
		1B5229EA1D2FEE330037A37E /* PBXTargetDependency */ = {
			isa = PBXTargetDependency;
			target = 1B5229D31D2FEE330037A37E /* Swift-Structs-Lab */;
			targetProxy = 1B5229E91D2FEE330037A37E /* PBXContainerItemProxy */;
		};
/* End PBXTargetDependency section */

/* Begin PBXVariantGroup section */
		1B5229DB1D2FEE330037A37E /* Main.storyboard */ = {
			isa = PBXVariantGroup;
			children = (
				1B5229DC1D2FEE330037A37E /* Base */,
			);
			name = Main.storyboard;
			sourceTree = "<group>";
		};
		1B5229E01D2FEE330037A37E /* LaunchScreen.storyboard */ = {
			isa = PBXVariantGroup;
			children = (
				1B5229E11D2FEE330037A37E /* Base */,
			);
			name = LaunchScreen.storyboard;
			sourceTree = "<group>";
		};
/* End PBXVariantGroup section */

/* Begin XCBuildConfiguration section */
		1B5229FA1D2FEE340037A37E /* Debug */ = {
			isa = XCBuildConfiguration;
			buildSettings = {
				ALWAYS_SEARCH_USER_PATHS = NO;
				CLANG_ANALYZER_NONNULL = YES;
				CLANG_CXX_LANGUAGE_STANDARD = "gnu++0x";
				CLANG_CXX_LIBRARY = "libc++";
				CLANG_ENABLE_MODULES = YES;
				CLANG_ENABLE_OBJC_ARC = YES;
				CLANG_WARN_BOOL_CONVERSION = YES;
				CLANG_WARN_CONSTANT_CONVERSION = YES;
				CLANG_WARN_DIRECT_OBJC_ISA_USAGE = YES_ERROR;
				CLANG_WARN_EMPTY_BODY = YES;
				CLANG_WARN_ENUM_CONVERSION = YES;
				CLANG_WARN_INT_CONVERSION = YES;
				CLANG_WARN_OBJC_ROOT_CLASS = YES_ERROR;
				CLANG_WARN_UNREACHABLE_CODE = YES;
				CLANG_WARN__DUPLICATE_METHOD_MATCH = YES;
				"CODE_SIGN_IDENTITY[sdk=iphoneos*]" = "iPhone Developer";
				COPY_PHASE_STRIP = NO;
				DEBUG_INFORMATION_FORMAT = dwarf;
				ENABLE_STRICT_OBJC_MSGSEND = YES;
				ENABLE_TESTABILITY = YES;
				GCC_C_LANGUAGE_STANDARD = gnu99;
				GCC_DYNAMIC_NO_PIC = NO;
				GCC_NO_COMMON_BLOCKS = YES;
				GCC_OPTIMIZATION_LEVEL = 0;
				GCC_PREPROCESSOR_DEFINITIONS = (
					"DEBUG=1",
					"$(inherited)",
				);
				GCC_WARN_64_TO_32_BIT_CONVERSION = YES;
				GCC_WARN_ABOUT_RETURN_TYPE = YES_ERROR;
				GCC_WARN_UNDECLARED_SELECTOR = YES;
				GCC_WARN_UNINITIALIZED_AUTOS = YES_AGGRESSIVE;
				GCC_WARN_UNUSED_FUNCTION = YES;
				GCC_WARN_UNUSED_VARIABLE = YES;
				IPHONEOS_DEPLOYMENT_TARGET = 9.3;
				MTL_ENABLE_DEBUG_INFO = YES;
				ONLY_ACTIVE_ARCH = YES;
				SDKROOT = iphoneos;
				SWIFT_OPTIMIZATION_LEVEL = "-Onone";
			};
			name = Debug;
		};
		1B5229FB1D2FEE340037A37E /* Release */ = {
			isa = XCBuildConfiguration;
			buildSettings = {
				ALWAYS_SEARCH_USER_PATHS = NO;
				CLANG_ANALYZER_NONNULL = YES;
				CLANG_CXX_LANGUAGE_STANDARD = "gnu++0x";
				CLANG_CXX_LIBRARY = "libc++";
				CLANG_ENABLE_MODULES = YES;
				CLANG_ENABLE_OBJC_ARC = YES;
				CLANG_WARN_BOOL_CONVERSION = YES;
				CLANG_WARN_CONSTANT_CONVERSION = YES;
				CLANG_WARN_DIRECT_OBJC_ISA_USAGE = YES_ERROR;
				CLANG_WARN_EMPTY_BODY = YES;
				CLANG_WARN_ENUM_CONVERSION = YES;
				CLANG_WARN_INT_CONVERSION = YES;
				CLANG_WARN_OBJC_ROOT_CLASS = YES_ERROR;
				CLANG_WARN_UNREACHABLE_CODE = YES;
				CLANG_WARN__DUPLICATE_METHOD_MATCH = YES;
				"CODE_SIGN_IDENTITY[sdk=iphoneos*]" = "iPhone Developer";
				COPY_PHASE_STRIP = NO;
				DEBUG_INFORMATION_FORMAT = "dwarf-with-dsym";
				ENABLE_NS_ASSERTIONS = NO;
				ENABLE_STRICT_OBJC_MSGSEND = YES;
				GCC_C_LANGUAGE_STANDARD = gnu99;
				GCC_NO_COMMON_BLOCKS = YES;
				GCC_WARN_64_TO_32_BIT_CONVERSION = YES;
				GCC_WARN_ABOUT_RETURN_TYPE = YES_ERROR;
				GCC_WARN_UNDECLARED_SELECTOR = YES;
				GCC_WARN_UNINITIALIZED_AUTOS = YES_AGGRESSIVE;
				GCC_WARN_UNUSED_FUNCTION = YES;
				GCC_WARN_UNUSED_VARIABLE = YES;
				IPHONEOS_DEPLOYMENT_TARGET = 9.3;
				MTL_ENABLE_DEBUG_INFO = NO;
				SDKROOT = iphoneos;
				VALIDATE_PRODUCT = YES;
			};
			name = Release;
		};
		1B5229FD1D2FEE340037A37E /* Debug */ = {
			isa = XCBuildConfiguration;
			baseConfigurationReference = 045F638E809C564F73136132 /* Pods-Swift-Structs-Lab.debug.xcconfig */;
			buildSettings = {
				ASSETCATALOG_COMPILER_APPICON_NAME = AppIcon;
				INFOPLIST_FILE = "Swift-Structs-Lab/Info.plist";
				LD_RUNPATH_SEARCH_PATHS = "$(inherited) @executable_path/Frameworks";
				PRODUCT_BUNDLE_IDENTIFIER = "FlatironSchool.com.Swift-Structs-Lab";
				PRODUCT_NAME = "$(TARGET_NAME)";
			};
			name = Debug;
		};
		1B5229FE1D2FEE340037A37E /* Release */ = {
			isa = XCBuildConfiguration;
			baseConfigurationReference = D202375B72C9205D9D34B6CC /* Pods-Swift-Structs-Lab.release.xcconfig */;
			buildSettings = {
				ASSETCATALOG_COMPILER_APPICON_NAME = AppIcon;
				INFOPLIST_FILE = "Swift-Structs-Lab/Info.plist";
				LD_RUNPATH_SEARCH_PATHS = "$(inherited) @executable_path/Frameworks";
				PRODUCT_BUNDLE_IDENTIFIER = "FlatironSchool.com.Swift-Structs-Lab";
				PRODUCT_NAME = "$(TARGET_NAME)";
			};
			name = Release;
		};
		1B522A001D2FEE340037A37E /* Debug */ = {
			isa = XCBuildConfiguration;
			baseConfigurationReference = 0E6E65BE4D1E0B0BBB2F9598 /* Pods-Swift-Structs-LabTests.debug.xcconfig */;
			buildSettings = {
				BUNDLE_LOADER = "$(TEST_HOST)";
				INFOPLIST_FILE = "Swift-Structs-LabTests/Info.plist";
				LD_RUNPATH_SEARCH_PATHS = "$(inherited) @executable_path/Frameworks @loader_path/Frameworks";
				PRODUCT_BUNDLE_IDENTIFIER = "FlatironSchool.com.Swift-Structs-LabTests";
				PRODUCT_NAME = "$(TARGET_NAME)";
				TEST_HOST = "$(BUILT_PRODUCTS_DIR)/Swift-Structs-Lab.app/Swift-Structs-Lab";
			};
			name = Debug;
		};
		1B522A011D2FEE340037A37E /* Release */ = {
			isa = XCBuildConfiguration;
			baseConfigurationReference = 94957C221E13199523B745E3 /* Pods-Swift-Structs-LabTests.release.xcconfig */;
			buildSettings = {
				BUNDLE_LOADER = "$(TEST_HOST)";
				INFOPLIST_FILE = "Swift-Structs-LabTests/Info.plist";
				LD_RUNPATH_SEARCH_PATHS = "$(inherited) @executable_path/Frameworks @loader_path/Frameworks";
				PRODUCT_BUNDLE_IDENTIFIER = "FlatironSchool.com.Swift-Structs-LabTests";
				PRODUCT_NAME = "$(TARGET_NAME)";
				TEST_HOST = "$(BUILT_PRODUCTS_DIR)/Swift-Structs-Lab.app/Swift-Structs-Lab";
			};
			name = Release;
		};
/* End XCBuildConfiguration section */

/* Begin XCConfigurationList section */
		1B5229CF1D2FEE330037A37E /* Build configuration list for PBXProject "Swift-Structs-Lab" */ = {
			isa = XCConfigurationList;
			buildConfigurations = (
				1B5229FA1D2FEE340037A37E /* Debug */,
				1B5229FB1D2FEE340037A37E /* Release */,
			);
			defaultConfigurationIsVisible = 0;
			defaultConfigurationName = Release;
		};
		1B5229FC1D2FEE340037A37E /* Build configuration list for PBXNativeTarget "Swift-Structs-Lab" */ = {
			isa = XCConfigurationList;
			buildConfigurations = (
				1B5229FD1D2FEE340037A37E /* Debug */,
				1B5229FE1D2FEE340037A37E /* Release */,
			);
			defaultConfigurationIsVisible = 0;
			defaultConfigurationName = Release;
		};
		1B5229FF1D2FEE340037A37E /* Build configuration list for PBXNativeTarget "Swift-Structs-LabTests" */ = {
			isa = XCConfigurationList;
			buildConfigurations = (
				1B522A001D2FEE340037A37E /* Debug */,
				1B522A011D2FEE340037A37E /* Release */,
			);
			defaultConfigurationIsVisible = 0;
			defaultConfigurationName = Release;
		};
/* End XCConfigurationList section */
	};
	rootObject = 1B5229CC1D2FEE330037A37E /* Project object */;
}
